<?xml version="1.0" encoding="utf-8"?>
<Project ToolsVersion="4.0" xmlns="http://schemas.microsoft.com/developer/msbuild/2003">
  <ItemGroup>
    <Filter Include="Source Files">
      <UniqueIdentifier>{4FC737F1-C7A5-4376-A066-2A32D752A2FF}</UniqueIdentifier>
      <Extensions>qml;cpp;c;cc;cxx;def;odl;idl;hpj;bat;asm;asmx</Extensions>
    </Filter>
    <Filter Include="Header Files">
      <UniqueIdentifier>{93995380-89BD-4b04-88EB-625FBE52EBFB}</UniqueIdentifier>
      <Extensions>h;hh;hpp;hxx;hm;inl;inc;xsd</Extensions>
    </Filter>
    <Filter Include="Resource Files">
      <UniqueIdentifier>{67DA6AB6-F800-4c08-8B7A-83BB121AAD01}</UniqueIdentifier>
      <Extensions>qrc;rc;ico;cur;bmp;dlg;rc2;rct;bin;rgs;gif;jpg;jpeg;jpe;resx;tiff;tif;png;wav;mfcribbon-ms</Extensions>
    </Filter>
    <Filter Include="Form Files">
      <UniqueIdentifier>{99349809-55BA-4b9d-BF79-8FDBB0286EB3}</UniqueIdentifier>
      <Extensions>ui</Extensions>
    </Filter>
    <Filter Include="Translation Files">
      <UniqueIdentifier>{639EADAA-A684-42e4-A9AD-28FC9BCB8F7C}</UniqueIdentifier>
      <Extensions>ts</Extensions>
    </Filter>
    <Filter Include="Extended controls">
      <UniqueIdentifier>{e028f691-597b-4401-b84f-aefc11954c24}</UniqueIdentifier>
    </Filter>
    <Filter Include="page">
      <UniqueIdentifier>{60613907-8595-42e6-9961-c70b77d516b9}</UniqueIdentifier>
    </Filter>
    <Filter Include="manager">
      <UniqueIdentifier>{c3ac0356-65b2-4a7b-9b61-8003c4807e08}</UniqueIdentifier>
    </Filter>
    <Filter Include="conf">
      <UniqueIdentifier>{04c4378b-7aa3-4de6-84ae-b0bf5cc2f173}</UniqueIdentifier>
    </Filter>
    <Filter Include="Test">
      <UniqueIdentifier>{76ceda10-c28a-4f72-854d-a5259731b259}</UniqueIdentifier>
    </Filter>
    <Filter Include="device">
      <UniqueIdentifier>{4f9edc42-503e-47ce-b6eb-b00dc3d9260d}</UniqueIdentifier>
    </Filter>
    <Filter Include="device\camera">
      <UniqueIdentifier>{dc785ac5-2d00-4c59-b392-1a46d301b899}</UniqueIdentifier>
    </Filter>
    <Filter Include="Algorithm">
      <UniqueIdentifier>{13c28b6a-3535-42e2-8d56-eefebec5c5a0}</UniqueIdentifier>
    </Filter>
    <Filter Include="core">
      <UniqueIdentifier>{040ddc44-9dfd-48c6-9356-e99df2ec18b0}</UniqueIdentifier>
    </Filter>
    <Filter Include="Algorithm\detect">
      <UniqueIdentifier>{8c118ad0-bf5d-47a8-a655-4a028b80f829}</UniqueIdentifier>
    </Filter>
  </ItemGroup>
  <ItemGroup>
    <QtRcc Include="UniVision.qrc">
      <Filter>Resource Files</Filter>
    </QtRcc>
    <QtMoc Include="UniVision.h">
      <Filter>Header Files</Filter>
    </QtMoc>
    <ClCompile Include="UniVision.cpp">
      <Filter>Source Files</Filter>
    </ClCompile>
  </ItemGroup>
  <ItemGroup>
    <ClCompile Include="main.cpp">
      <Filter>Source Files</Filter>
    </ClCompile>
    <ClCompile Include="extended\UniElaToggleButton.cpp">
      <Filter>Extended controls</Filter>
    </ClCompile>
    <ClCompile Include="extended\UniElaWidget.cpp">
      <Filter>Extended controls</Filter>
    </ClCompile>
    <ClCompile Include="manager\AppStateManager.cpp">
      <Filter>manager</Filter>
    </ClCompile>
    <ClCompile Include="page\UniMasterPage.cpp">
      <Filter>page</Filter>
    </ClCompile>
    <ClCompile Include="extended\UniImageViewFrame.cpp">
      <Filter>Extended controls</Filter>
    </ClCompile>
    <ClCompile Include="config\UniSettings.cpp">
      <Filter>conf</Filter>
    </ClCompile>
    <ClCompile Include="extended\UniElaFrame.cpp">
      <Filter>Extended controls</Filter>
    </ClCompile>
    <ClCompile Include="test\Test.cpp">
      <Filter>Test</Filter>
    </ClCompile>
    <ClCompile Include="device\camera\UniCameraBase.cpp">
      <Filter>device\camera</Filter>
    </ClCompile>
    <ClCompile Include="device\camera\UniSimCamera.cpp">
      <Filter>device\camera</Filter>
    </ClCompile>
    <ClCompile Include="manager\UniCameraManager.cpp">
      <Filter>manager</Filter>
    </ClCompile>
    <ClCompile Include="test\TestAlgorithm.cpp">
      <Filter>Test</Filter>
    </ClCompile>
    <ClCompile Include="algorithm\UniAlgorithm.cpp">
      <Filter>Algorithm</Filter>
    </ClCompile>
    <ClCompile Include="algorithm\UniYoloOnnxDetect.cpp">
      <Filter>Algorithm\detect</Filter>
    </ClCompile>
    <ClCompile Include="algorithm\UniYoloTRTDetect.cpp">
      <Filter>Algorithm\detect</Filter>
    </ClCompile>
    <ClCompile Include="core\UniLog.cpp">
      <Filter>core</Filter>
    </ClCompile>
    <ClCompile Include="manager\UniAlgorithmManager.cpp">
      <Filter>manager</Filter>
    </ClCompile>
    <ClCompile Include="extended\UniElaText.cpp">
      <Filter>Extended controls</Filter>
    </ClCompile>
  </ItemGroup>
  <ItemGroup>
    <QtMoc Include="extended\UniElaToggleButton.h">
      <Filter>Extended controls</Filter>
    </QtMoc>
    <QtMoc Include="extended\UniElaWidget.h">
      <Filter>Extended controls</Filter>
    </QtMoc>
    <QtMoc Include="manager\AppStateManager.h">
      <Filter>manager</Filter>
    </QtMoc>
    <QtMoc Include="page\UniMasterPage.h">
      <Filter>page</Filter>
    </QtMoc>
    <QtMoc Include="extended\UniImageViewFrame.h">
      <Filter>Extended controls</Filter>
    </QtMoc>
    <QtMoc Include="config\UniSettings.h">
      <Filter>conf</Filter>
    </QtMoc>
    <QtMoc Include="extended\UniElaFrame.h">
      <Filter>Extended controls</Filter>
    </QtMoc>
    <QtMoc Include="device\camera\UniCameraBase.h">
      <Filter>device\camera</Filter>
    </QtMoc>
    <QtMoc Include="device\camera\UniSimCamera.h">
      <Filter>device\camera</Filter>
    </QtMoc>
    <QtMoc Include="manager\UniAlgorithmManager.h">
      <Filter>manager</Filter>
    </QtMoc>
    <QtMoc Include="extended\UniElaText.h">
      <Filter>Extended controls</Filter>
    </QtMoc>
  </ItemGroup>
  <ItemGroup>
    <ClInclude Include="config\UniAlgorithmConfig.h">
      <Filter>conf</Filter>
    </ClInclude>
    <ClInclude Include="config\UniCameraConfig.h">
      <Filter>conf</Filter>
    </ClInclude>
    <ClInclude Include="test\Test.h">
      <Filter>Test</Filter>
    </ClInclude>
    <ClInclude Include="manager\UniCameraManager.h">
      <Filter>manager</Filter>
    </ClInclude>
    <ClInclude Include="algorithm\UniAlgorithm.h">
      <Filter>Algorithm</Filter>
    </ClInclude>
    <ClInclude Include="core\UniThreadPool.h">
      <Filter>core</Filter>
    </ClInclude>
    <ClInclude Include="algorithm\UniYoloOnnxDetect.h">
      <Filter>Algorithm\detect</Filter>
    </ClInclude>
    <ClInclude Include="algorithm\UniYoloTRTDetect.h">
      <Filter>Algorithm\detect</Filter>
    </ClInclude>
    <ClInclude Include="core\UniLog.h">
      <Filter>core</Filter>
    </ClInclude>
    <ClInclude Include="config\UniLogConfig.h">
      <Filter>conf</Filter>
    </ClInclude>
  </ItemGroup>
</Project>